
Microsoft Visual Studio Solution File, Format Version 12.00
# Visual Studio Version 16
VisualStudioVersion = 16.0.32630.194
MinimumVisualStudioVersion = 10.0.40219.1
Project("{FAE04EC0-301F-11D3-BF4B-00C04F79EFBC}") = "note", "note\note.csproj", "{6DB81F7E-A324-4DBD-AF88-674A05F9030A}"
EndProject
Global
	GlobalSection(SolutionConfigurationPlatforms) = preSolution
		Debug|Any CPU = Debug|Any CPU
		Release|Any CPU = Release|Any CPU
	EndGlobalSection
	GlobalSection(ProjectConfigurationPlatforms) = postSolution
		{6DB81F7E-A324-4DBD-AF88-674A05F9030A}.Debug|Any CPU.ActiveCfg = Debug|Any CPU
		{6DB81F7E-A324-4DBD-AF88-674A05F9030A}.Debug|Any CPU.Build.0 = Debug|Any CPU
		{6DB81F7E-A324-4DBD-AF88-674A05F9030A}.Release|Any CPU.ActiveCfg = Release|Any CPU
		{6DB81F7E-A324-4DBD-AF88-674A05F9030A}.Release|Any CPU.Build.0 = Release|Any CPU
	EndGlobalSection
	GlobalSection(SolutionProperties) = preSolution
		HideSolutionNode = FALSE
	EndGlobalSection
	GlobalSection(ExtensibilityGlobals) = postSolution
		SolutionGuid = {D3BCE712-7D5C-4D26-AB6B-6F013210F635}
	EndGlobalSection
EndGlobal
